// !$*UTF8*$!
{
	archiveVersion = 1;
	classes = {
	};
	objectVersion = 56;
	objects = {

/* Begin PBXBuildFile section */
		101F09932B45B08F0010CBE5 /* FrameworkDetailViewController.swift in Sources */ = {isa = PBXBuildFile; fileRef = 101F09922B45B08F0010CBE5 /* FrameworkDetailViewController.swift */; };
		101F09952B45B93D0010CBE5 /* FrameworkDetailHeaderView.swift in Sources */ = {isa = PBXBuildFile; fileRef = 101F09942B45B93D0010CBE5 /* FrameworkDetailHeaderView.swift */; };
		1062D8472B44A35F000A2D46 /* AppDelegate.swift in Sources */ = {isa = PBXBuildFile; fileRef = 1062D8462B44A35F000A2D46 /* AppDelegate.swift */; };
		1062D8492B44A35F000A2D46 /* SceneDelegate.swift in Sources */ = {isa = PBXBuildFile; fileRef = 1062D8482B44A35F000A2D46 /* SceneDelegate.swift */; };
		1062D84E2B44A35F000A2D46 /* Main.storyboard in Resources */ = {isa = PBXBuildFile; fileRef = 1062D84C2B44A35F000A2D46 /* Main.storyboard */; };
		1062D8502B44A361000A2D46 /* Assets.xcassets in Resources */ = {isa = PBXBuildFile; fileRef = 1062D84F2B44A361000A2D46 /* Assets.xcassets */; };
		1062D8532B44A361000A2D46 /* LaunchScreen.storyboard in Resources */ = {isa = PBXBuildFile; fileRef = 1062D8512B44A361000A2D46 /* LaunchScreen.storyboard */; };
		1062D85B2B44AB46000A2D46 /* Framework.swift in Sources */ = {isa = PBXBuildFile; fileRef = 1062D85A2B44AB46000A2D46 /* Framework.swift */; };
		1062D85D2B44B107000A2D46 /* FrameworkCollectionViewCell.swift in Sources */ = {isa = PBXBuildFile; fileRef = 1062D85C2B44B107000A2D46 /* FrameworkCollectionViewCell.swift */; };
		1062D85F2B44B1D2000A2D46 /* FrameworkCollectionViewController.swift in Sources */ = {isa = PBXBuildFile; fileRef = 1062D85E2B44B1D2000A2D46 /* FrameworkCollectionViewController.swift */; };
/* End PBXBuildFile section */

/* Begin PBXFileReference section */
		101F09922B45B08F0010CBE5 /* FrameworkDetailViewController.swift */ = {isa = PBXFileReference; lastKnownFileType = sourcecode.swift; path = FrameworkDetailViewController.swift; sourceTree = "<group>"; };
		101F09942B45B93D0010CBE5 /* FrameworkDetailHeaderView.swift */ = {isa = PBXFileReference; lastKnownFileType = sourcecode.swift; path = FrameworkDetailHeaderView.swift; sourceTree = "<group>"; };
		1062D8432B44A35F000A2D46 /* UIKitAppleFrameworks.app */ = {isa = PBXFileReference; explicitFileType = wrapper.application; includeInIndex = 0; path = UIKitAppleFrameworks.app; sourceTree = BUILT_PRODUCTS_DIR; };
		1062D8462B44A35F000A2D46 /* AppDelegate.swift */ = {isa = PBXFileReference; lastKnownFileType = sourcecode.swift; path = AppDelegate.swift; sourceTree = "<group>"; };
		1062D8482B44A35F000A2D46 /* SceneDelegate.swift */ = {isa = PBXFileReference; lastKnownFileType = sourcecode.swift; path = SceneDelegate.swift; sourceTree = "<group>"; };
		1062D84D2B44A35F000A2D46 /* Base */ = {isa = PBXFileReference; lastKnownFileType = file.storyboard; name = Base; path = Base.lproj/Main.storyboard; sourceTree = "<group>"; };
		1062D84F2B44A361000A2D46 /* Assets.xcassets */ = {isa = PBXFileReference; lastKnownFileType = folder.assetcatalog; path = Assets.xcassets; sourceTree = "<group>"; };
		1062D8522B44A361000A2D46 /* Base */ = {isa = PBXFileReference; lastKnownFileType = file.storyboard; name = Base; path = Base.lproj/LaunchScreen.storyboard; sourceTree = "<group>"; };
		1062D8542B44A361000A2D46 /* Info.plist */ = {isa = PBXFileReference; lastKnownFileType = text.plist.xml; path = Info.plist; sourceTree = "<group>"; };
		1062D85A2B44AB46000A2D46 /* Framework.swift */ = {isa = PBXFileReference; lastKnownFileType = sourcecode.swift; path = Framework.swift; sourceTree = "<group>"; };
		1062D85C2B44B107000A2D46 /* FrameworkCollectionViewCell.swift */ = {isa = PBXFileReference; lastKnownFileType = sourcecode.swift; path = FrameworkCollectionViewCell.swift; sourceTree = "<group>"; };
		1062D85E2B44B1D2000A2D46 /* FrameworkCollectionViewController.swift */ = {isa = PBXFileReference; lastKnownFileType = sourcecode.swift; path = FrameworkCollectionViewController.swift; sourceTree = "<group>"; };
/* End PBXFileReference section */

/* Begin PBXFrameworksBuildPhase section */
		1062D8402B44A35F000A2D46 /* Frameworks */ = {
			isa = PBXFrameworksBuildPhase;
			buildActionMask = 2147483647;
			files = (
			);
			runOnlyForDeploymentPostprocessing = 0;
		};
/* End PBXFrameworksBuildPhase section */

/* Begin PBXGroup section */
		1062D83A2B44A35F000A2D46 = {
			isa = PBXGroup;
			children = (
				1062D8452B44A35F000A2D46 /* UIKitAppleFrameworks */,
				1062D8442B44A35F000A2D46 /* Products */,
			);
			sourceTree = "<group>";
		};
		1062D8442B44A35F000A2D46 /* Products */ = {
			isa = PBXGroup;
			children = (
				1062D8432B44A35F000A2D46 /* UIKitAppleFrameworks.app */,
			);
			name = Products;
			sourceTree = "<group>";
		};
		1062D8452B44A35F000A2D46 /* UIKitAppleFrameworks */ = {
			isa = PBXGroup;
			children = (
				1062D8462B44A35F000A2D46 /* AppDelegate.swift */,
				1062D8482B44A35F000A2D46 /* SceneDelegate.swift */,
				1062D84F2B44A361000A2D46 /* Assets.xcassets */,
				1062D84C2B44A35F000A2D46 /* Main.storyboard */,
				1062D8512B44A361000A2D46 /* LaunchScreen.storyboard */,
				1062D8542B44A361000A2D46 /* Info.plist */,
				1062D85A2B44AB46000A2D46 /* Framework.swift */,
				1062D85C2B44B107000A2D46 /* FrameworkCollectionViewCell.swift */,
				1062D85E2B44B1D2000A2D46 /* FrameworkCollectionViewController.swift */,
				101F09942B45B93D0010CBE5 /* FrameworkDetailHeaderView.swift */,
				101F09922B45B08F0010CBE5 /* FrameworkDetailViewController.swift */,
			);
			path = UIKitAppleFrameworks;
			sourceTree = "<group>";
		};
/* End PBXGroup section */

/* Begin PBXNativeTarget section */
		1062D8422B44A35F000A2D46 /* UIKitAppleFrameworks */ = {
			isa = PBXNativeTarget;
			buildConfigurationList = 1062D8572B44A361000A2D46 /* Build configuration list for PBXNativeTarget "UIKitAppleFrameworks" */;
			buildPhases = (
				1062D83F2B44A35F000A2D46 /* Sources */,
				1062D8402B44A35F000A2D46 /* Frameworks */,
				1062D8412B44A35F000A2D46 /* Resources */,
			);
			buildRules = (
			);
			dependencies = (
			);
			name = UIKitAppleFrameworks;
			productName = UIKitAppleFrameworks;
			productReference = 1062D8432B44A35F000A2D46 /* UIKitAppleFrameworks.app */;
			productType = "com.apple.product-type.application";
		};
/* End PBXNativeTarget section */

/* Begin PBXProject section */
		1062D83B2B44A35F000A2D46 /* Project object */ = {
			isa = PBXProject;
			attributes = {
				BuildIndependentTargetsInParallel = 1;
				LastSwiftUpdateCheck = 1510;
				LastUpgradeCheck = 1510;
				TargetAttributes = {
					1062D8422B44A35F000A2D46 = {
						CreatedOnToolsVersion = 15.1;
					};
				};
			};
			buildConfigurationList = 1062D83E2B44A35F000A2D46 /* Build configuration list for PBXProject "UIKitAppleFrameworks" */;
			compatibilityVersion = "Xcode 14.0";
			developmentRegion = en;
			hasScannedForEncodings = 0;
			knownRegions = (
				en,
				Base,
			);
			mainGroup = 1062D83A2B44A35F000A2D46;
			productRefGroup = 1062D8442B44A35F000A2D46 /* Products */;
			projectDirPath = "";
			projectRoot = "";
			targets = (
				1062D8422B44A35F000A2D46 /* UIKitAppleFrameworks */,
			);
		};
/* End PBXProject section */

/* Begin PBXResourcesBuildPhase section */
		1062D8412B44A35F000A2D46 /* Resources */ = {
			isa = PBXResourcesBuildPhase;
			buildActionMask = 2147483647;
			files = (
				1062D8532B44A361000A2D46 /* LaunchScreen.storyboard in Resources */,
				1062D8502B44A361000A2D46 /* Assets.xcassets in Resources */,
				1062D84E2B44A35F000A2D46 /* Main.storyboard in Resources */,
			);
			runOnlyForDeploymentPostprocessing = 0;
		};
/* End PBXResourcesBuildPhase section */

/* Begin PBXSourcesBuildPhase section */
		1062D83F2B44A35F000A2D46 /* Sources */ = {
			isa = PBXSourcesBuildPhase;
			buildActionMask = 2147483647;
			files = (
				1062D85D2B44B107000A2D46 /* FrameworkCollectionViewCell.swift in Sources */,
				1062D85F2B44B1D2000A2D46 /* FrameworkCollectionViewController.swift in Sources */,
				101F09952B45B93D0010CBE5 /* FrameworkDetailHeaderView.swift in Sources */,
				1062D85B2B44AB46000A2D46 /* Framework.swift in Sources */,
				1062D8472B44A35F000A2D46 /* AppDelegate.swift in Sources */,
				101F09932B45B08F0010CBE5 /* FrameworkDetailViewController.swift in Sources */,
				1062D8492B44A35F000A2D46 /* SceneDelegate.swift in Sources */,
			);
			runOnlyForDeploymentPostprocessing = 0;
		};
/* End PBXSourcesBuildPhase section */

/* Begin PBXVariantGroup section */
		1062D84C2B44A35F000A2D46 /* Main.storyboard */ = {
			isa = PBXVariantGroup;
			children = (
				1062D84D2B44A35F000A2D46 /* Base */,
			);
			name = Main.storyboard;
			sourceTree = "<group>";
		};
		1062D8512B44A361000A2D46 /* LaunchScreen.storyboard */ = {
			isa = PBXVariantGroup;
			children = (
				1062D8522B44A361000A2D46 /* Base */,
			);
			name = LaunchScreen.storyboard;
			sourceTree = "<group>";
		};
/* End PBXVariantGroup section */

/* Begin XCBuildConfiguration section */
		1062D8552B44A361000A2D46 /* Debug */ = {
			isa = XCBuildConfiguration;
			buildSettings = {
				ALWAYS_SEARCH_USER_PATHS = NO;
				ASSETCATALOG_COMPILER_GENERATE_SWIFT_ASSET_SYMBOL_EXTENSIONS = YES;
				CLANG_ANALYZER_NONNULL = YES;
				CLANG_ANALYZER_NUMBER_OBJECT_CONVERSION = YES_AGGRESSIVE;
				CLANG_CXX_LANGUAGE_STANDARD = "gnu++20";
				CLANG_ENABLE_MODULES = YES;
				CLANG_ENABLE_OBJC_ARC = YES;
				CLANG_ENABLE_OBJC_WEAK = YES;
				CLANG_WARN_BLOCK_CAPTURE_AUTORELEASING = YES;
				CLANG_WARN_BOOL_CONVERSION = YES;
				CLANG_WARN_COMMA = YES;
				CLANG_WARN_CONSTANT_CONVERSION = YES;
				CLANG_WARN_DEPRECATED_OBJC_IMPLEMENTATIONS = YES;
				CLANG_WARN_DIRECT_OBJC_ISA_USAGE = YES_ERROR;
				CLANG_WARN_DOCUMENTATION_COMMENTS = YES;
				CLANG_WARN_EMPTY_BODY = YES;
				CLANG_WARN_ENUM_CONVERSION = YES;
				CLANG_WARN_INFINITE_RECURSION = YES;
				CLANG_WARN_INT_CONVERSION = YES;
				CLANG_WARN_NON_LITERAL_NULL_CONVERSION = YES;
				CLANG_WARN_OBJC_IMPLICIT_RETAIN_SELF = YES;
				CLANG_WARN_OBJC_LITERAL_CONVERSION = YES;
				CLANG_WARN_OBJC_ROOT_CLASS = YES_ERROR;
				CLANG_WARN_QUOTED_INCLUDE_IN_FRAMEWORK_HEADER = YES;
				CLANG_WARN_RANGE_LOOP_ANALYSIS = YES;
				CLANG_WARN_STRICT_PROTOTYPES = YES;
				CLANG_WARN_SUSPICIOUS_MOVE = YES;
				CLANG_WARN_UNGUARDED_AVAILABILITY = YES_AGGRESSIVE;
				CLANG_WARN_UNREACHABLE_CODE = YES;
				CLANG_WARN__DUPLICATE_METHOD_MATCH = YES;
				COPY_PHASE_STRIP = NO;
				DEBUG_INFORMATION_FORMAT = dwarf;
				ENABLE_STRICT_OBJC_MSGSEND = YES;
				ENABLE_TESTABILITY = YES;
				ENABLE_USER_SCRIPT_SANDBOXING = YES;
				GCC_C_LANGUAGE_STANDARD = gnu17;
				GCC_DYNAMIC_NO_PIC = NO;
				GCC_NO_COMMON_BLOCKS = YES;
				GCC_OPTIMIZATION_LEVEL = 0;
				GCC_PREPROCESSOR_DEFINITIONS = (
					"DEBUG=1",
					"$(inherited)",
				);
				GCC_WARN_64_TO_32_BIT_CONVERSION = YES;
				GCC_WARN_ABOUT_RETURN_TYPE = YES_ERROR;
				GCC_WARN_UNDECLARED_SELECTOR = YES;
				GCC_WARN_UNINITIALIZED_AUTOS = YES_AGGRESSIVE;
				GCC_WARN_UNUSED_FUNCTION = YES;
				GCC_WARN_UNUSED_VARIABLE = YES;
				IPHONEOS_DEPLOYMENT_TARGET = 17.2;
				LOCALIZATION_PREFERS_STRING_CATALOGS = YES;
				MTL_ENABLE_DEBUG_INFO = INCLUDE_SOURCE;
				MTL_FAST_MATH = YES;
				ONLY_ACTIVE_ARCH = YES;
				SDKROOT = iphoneos;
				SWIFT_ACTIVE_COMPILATION_CONDITIONS = "DEBUG $(inherited)";
				SWIFT_OPTIMIZATION_LEVEL = "-Onone";
			};
			name = Debug;
		};
		1062D8562B44A361000A2D46 /* Release */ = {
			isa = XCBuildConfiguration;
			buildSettings = {
				ALWAYS_SEARCH_USER_PATHS = NO;
				ASSETCATALOG_COMPILER_GENERATE_SWIFT_ASSET_SYMBOL_EXTENSIONS = YES;
				CLANG_ANALYZER_NONNULL = YES;
				CLANG_ANALYZER_NUMBER_OBJECT_CONVERSION = YES_AGGRESSIVE;
				CLANG_CXX_LANGUAGE_STANDARD = "gnu++20";
				CLANG_ENABLE_MODULES = YES;
				CLANG_ENABLE_OBJC_ARC = YES;
				CLANG_ENABLE_OBJC_WEAK = YES;
				CLANG_WARN_BLOCK_CAPTURE_AUTORELEASING = YES;
				CLANG_WARN_BOOL_CONVERSION = YES;
				CLANG_WARN_COMMA = YES;
				CLANG_WARN_CONSTANT_CONVERSION = YES;
				CLANG_WARN_DEPRECATED_OBJC_IMPLEMENTATIONS = YES;
				CLANG_WARN_DIRECT_OBJC_ISA_USAGE = YES_ERROR;
				CLANG_WARN_DOCUMENTATION_COMMENTS = YES;
				CLANG_WARN_EMPTY_BODY = YES;
				CLANG_WARN_ENUM_CONVERSION = YES;
				CLANG_WARN_INFINITE_RECURSION = YES;
				CLANG_WARN_INT_CONVERSION = YES;
				CLANG_WARN_NON_LITERAL_NULL_CONVERSION = YES;
				CLANG_WARN_OBJC_IMPLICIT_RETAIN_SELF = YES;
				CLANG_WARN_OBJC_LITERAL_CONVERSION = YES;
				CLANG_WARN_OBJC_ROOT_CLASS = YES_ERROR;
				CLANG_WARN_QUOTED_INCLUDE_IN_FRAMEWORK_HEADER = YES;
				CLANG_WARN_RANGE_LOOP_ANALYSIS = YES;
				CLANG_WARN_STRICT_PROTOTYPES = YES;
				CLANG_WARN_SUSPICIOUS_MOVE = YES;
				CLANG_WARN_UNGUARDED_AVAILABILITY = YES_AGGRESSIVE;
				CLANG_WARN_UNREACHABLE_CODE = YES;
				CLANG_WARN__DUPLICATE_METHOD_MATCH = YES;
				COPY_PHASE_STRIP = NO;
				DEBUG_INFORMATION_FORMAT = "dwarf-with-dsym";
				ENABLE_NS_ASSERTIONS = NO;
				ENABLE_STRICT_OBJC_MSGSEND = YES;
				ENABLE_USER_SCRIPT_SANDBOXING = YES;
				GCC_C_LANGUAGE_STANDARD = gnu17;
				GCC_NO_COMMON_BLOCKS = YES;
				GCC_WARN_64_TO_32_BIT_CONVERSION = YES;
				GCC_WARN_ABOUT_RETURN_TYPE = YES_ERROR;
				GCC_WARN_UNDECLARED_SELECTOR = YES;
				GCC_WARN_UNINITIALIZED_AUTOS = YES_AGGRESSIVE;
				GCC_WARN_UNUSED_FUNCTION = YES;
				GCC_WARN_UNUSED_VARIABLE = YES;
				IPHONEOS_DEPLOYMENT_TARGET = 17.2;
				LOCALIZATION_PREFERS_STRING_CATALOGS = YES;
				MTL_ENABLE_DEBUG_INFO = NO;
				MTL_FAST_MATH = YES;
				SDKROOT = iphoneos;
				SWIFT_COMPILATION_MODE = wholemodule;
				VALIDATE_PRODUCT = YES;
			};
			name = Release;
		};
		1062D8582B44A361000A2D46 /* Debug */ = {
			isa = XCBuildConfiguration;
			buildSettings = {
				ASSETCATALOG_COMPILER_APPICON_NAME = AppIcon;
				ASSETCATALOG_COMPILER_GLOBAL_ACCENT_COLOR_NAME = AccentColor;
				CODE_SIGN_STYLE = Automatic;
				CURRENT_PROJECT_VERSION = 1;
				GENERATE_INFOPLIST_FILE = YES;
				INFOPLIST_FILE = UIKitAppleFrameworks/Info.plist;
				INFOPLIST_KEY_UIApplicationSupportsIndirectInputEvents = YES;
				INFOPLIST_KEY_UILaunchStoryboardName = LaunchScreen;
				INFOPLIST_KEY_UIMainStoryboardFile = Main;
				INFOPLIST_KEY_UISupportedInterfaceOrientations_iPad = "UIInterfaceOrientationPortrait UIInterfaceOrientationPortraitUpsideDown UIInterfaceOrientationLandscapeLeft UIInterfaceOrientationLandscapeRight";
				INFOPLIST_KEY_UISupportedInterfaceOrientations_iPhone = "UIInterfaceOrientationPortrait UIInterfaceOrientationLandscapeLeft UIInterfaceOrientationLandscapeRight";
				LD_RUNPATH_SEARCH_PATHS = (
					"$(inherited)",
					"@executable_path/Frameworks",
				);
				MARKETING_VERSION = 1.0;
				PRODUCT_BUNDLE_IDENTIFIER = me.gul.guray.UIKitAppleFrameworks;
				PRODUCT_NAME = "$(TARGET_NAME)";
				SWIFT_EMIT_LOC_STRINGS = YES;
				SWIFT_VERSION = 5.0;
				TARGETED_DEVICE_FAMILY = "1,2";
			};
			name = Debug;
		};
		1062D8592B44A361000A2D46 /* Release */ = {
			isa = XCBuildConfiguration;
			buildSettings = {
				ASSETCATALOG_COMPILER_APPICON_NAME = AppIcon;
				ASSETCATALOG_COMPILER_GLOBAL_ACCENT_COLOR_NAME = AccentColor;
				CODE_SIGN_STYLE = Automatic;
				CURRENT_PROJECT_VERSION = 1;
				GENERATE_INFOPLIST_FILE = YES;
				INFOPLIST_FILE = UIKitAppleFrameworks/Info.plist;
				INFOPLIST_KEY_UIApplicationSupportsIndirectInputEvents = YES;
				INFOPLIST_KEY_UILaunchStoryboardName = LaunchScreen;
				INFOPLIST_KEY_UIMainStoryboardFile = Main;
				INFOPLIST_KEY_UISupportedInterfaceOrientations_iPad = "UIInterfaceOrientationPortrait UIInterfaceOrientationPortraitUpsideDown UIInterfaceOrientationLandscapeLeft UIInterfaceOrientationLandscapeRight";
				INFOPLIST_KEY_UISupportedInterfaceOrientations_iPhone = "UIInterfaceOrientationPortrait UIInterfaceOrientationLandscapeLeft UIInterfaceOrientationLandscapeRight";
				LD_RUNPATH_SEARCH_PATHS = (
					"$(inherited)",
					"@executable_path/Frameworks",
				);
				MARKETING_VERSION = 1.0;
				PRODUCT_BUNDLE_IDENTIFIER = me.gul.guray.UIKitAppleFrameworks;
				PRODUCT_NAME = "$(TARGET_NAME)";
				SWIFT_EMIT_LOC_STRINGS = YES;
				SWIFT_VERSION = 5.0;
				TARGETED_DEVICE_FAMILY = "1,2";
			};
			name = Release;
		};
/* End XCBuildConfiguration section */

/* Begin XCConfigurationList section */
		1062D83E2B44A35F000A2D46 /* Build configuration list for PBXProject "UIKitAppleFrameworks" */ = {
			isa = XCConfigurationList;
			buildConfigurations = (
				1062D8552B44A361000A2D46 /* Debug */,
				1062D8562B44A361000A2D46 /* Release */,
			);
			defaultConfigurationIsVisible = 0;
			defaultConfigurationName = Release;
		};
		1062D8572B44A361000A2D46 /* Build configuration list for PBXNativeTarget "UIKitAppleFrameworks" */ = {
			isa = XCConfigurationList;
			buildConfigurations = (
				1062D8582B44A361000A2D46 /* Debug */,
				1062D8592B44A361000A2D46 /* Release */,
			);
			defaultConfigurationIsVisible = 0;
			defaultConfigurationName = Release;
		};
/* End XCConfigurationList section */
	};
	rootObject = 1062D83B2B44A35F000A2D46 /* Project object */;
}
